
Microsoft Visual Studio Solution File, Format Version 12.00
# Visual Studio 15
VisualStudioVersion = 15.0.26730.15
MinimumVisualStudioVersion = 10.0.40219.1
Project("{FAE04EC0-301F-11D3-BF4B-00C04F79EFBC}") = "Entidades", "Entidades\Entidades.csproj", "{F6EBC2C6-1A30-49FB-9CA8-39FBFF1C31BC}"
EndProject
Project("{FAE04EC0-301F-11D3-BF4B-00C04F79EFBC}") = "FRMProducto", "FRMProducto\FRMProducto.csproj", "{C920273C-495B-482F-B82C-744C9460D31A}"
EndProject
Global
	GlobalSection(SolutionConfigurationPlatforms) = preSolution
		Debug|Any CPU = Debug|Any CPU
		Release|Any CPU = Release|Any CPU
	EndGlobalSection
	GlobalSection(ProjectConfigurationPlatforms) = postSolution
		{F6EBC2C6-1A30-49FB-9CA8-39FBFF1C31BC}.Debug|Any CPU.ActiveCfg = Debug|Any CPU
		{F6EBC2C6-1A30-49FB-9CA8-39FBFF1C31BC}.Debug|Any CPU.Build.0 = Debug|Any CPU
		{F6EBC2C6-1A30-49FB-9CA8-39FBFF1C31BC}.Release|Any CPU.ActiveCfg = Release|Any CPU
		{F6EBC2C6-1A30-49FB-9CA8-39FBFF1C31BC}.Release|Any CPU.Build.0 = Release|Any CPU
		{C920273C-495B-482F-B82C-744C9460D31A}.Debug|Any CPU.ActiveCfg = Debug|Any CPU
		{C920273C-495B-482F-B82C-744C9460D31A}.Debug|Any CPU.Build.0 = Debug|Any CPU
		{C920273C-495B-482F-B82C-744C9460D31A}.Release|Any CPU.ActiveCfg = Release|Any CPU
		{C920273C-495B-482F-B82C-744C9460D31A}.Release|Any CPU.Build.0 = Release|Any CPU
	EndGlobalSection
	GlobalSection(SolutionProperties) = preSolution
		HideSolutionNode = FALSE
	EndGlobalSection
	GlobalSection(ExtensibilityGlobals) = postSolution
		SolutionGuid = {7E624706-F5F1-447C-A7A2-0AC1C146A960}
	EndGlobalSection
EndGlobal
